<Solution>
  <Configurations>
    <Platform Name="Any CPU" />
    <Platform Name="x64" />
    <Platform Name="x86" />
  </Configurations>
  <Folder Name="/Database/">
    <Project Path="../Database/SpaceX.Database/SpaceX.Database.sqlproj" Type="42ea0dbd-9cf1-443e-919e-be9c484e4577" Id="{8f3a92c1-4d5e-4b1a-9c0f-726d4e81a102}">
      <Platform Project="AnyCPU" />
      <Build />
      <Deploy />
    </Project>
  </Folder>
  <Project Path="Application/Application.csproj" />
  <Project Path="Domain/Domain.csproj" />
  <Project Path="Infrastructure/Infrastructure.csproj" />
  <Project Path="SpaceX.Api/SpaceX.Api.csproj" />
</Solution>
